// !$*UTF8*$!
{
	archiveVersion = 1;
	classes = {
	};
	objectVersion = 50;
	objects = {

/* Begin PBXBuildFile section */
		633DBF1A248C70190040AEB6 /* AppDelegate.swift in Sources */ = {isa = PBXBuildFile; fileRef = 633DBF19248C70190040AEB6 /* AppDelegate.swift */; };
		633DBF1C248C70190040AEB6 /* SceneDelegate.swift in Sources */ = {isa = PBXBuildFile; fileRef = 633DBF1B248C70190040AEB6 /* SceneDelegate.swift */; };
		633DBF1E248C70190040AEB6 /* ContentView.swift in Sources */ = {isa = PBXBuildFile; fileRef = 633DBF1D248C70190040AEB6 /* ContentView.swift */; };
		633DBF20248C701A0040AEB6 /* Assets.xcassets in Resources */ = {isa = PBXBuildFile; fileRef = 633DBF1F248C701A0040AEB6 /* Assets.xcassets */; };
		633DBF23248C701A0040AEB6 /* Preview Assets.xcassets in Resources */ = {isa = PBXBuildFile; fileRef = 633DBF22248C701A0040AEB6 /* Preview Assets.xcassets */; };
		633DBF26248C701A0040AEB6 /* LaunchScreen.storyboard in Resources */ = {isa = PBXBuildFile; fileRef = 633DBF24248C701A0040AEB6 /* LaunchScreen.storyboard */; };
/* End PBXBuildFile section */

/* Begin PBXFileReference section */
		633DBF16248C70190040AEB6 /* project10CupcakeCorner.app */ = {isa = PBXFileReference; explicitFileType = wrapper.application; includeInIndex = 0; path = project10CupcakeCorner.app; sourceTree = BUILT_PRODUCTS_DIR; };
		633DBF19248C70190040AEB6 /* AppDelegate.swift */ = {isa = PBXFileReference; lastKnownFileType = sourcecode.swift; path = AppDelegate.swift; sourceTree = "<group>"; };
		633DBF1B248C70190040AEB6 /* SceneDelegate.swift */ = {isa = PBXFileReference; lastKnownFileType = sourcecode.swift; path = SceneDelegate.swift; sourceTree = "<group>"; };
		633DBF1D248C70190040AEB6 /* ContentView.swift */ = {isa = PBXFileReference; lastKnownFileType = sourcecode.swift; path = ContentView.swift; sourceTree = "<group>"; };
		633DBF1F248C701A0040AEB6 /* Assets.xcassets */ = {isa = PBXFileReference; lastKnownFileType = folder.assetcatalog; path = Assets.xcassets; sourceTree = "<group>"; };
		633DBF22248C701A0040AEB6 /* Preview Assets.xcassets */ = {isa = PBXFileReference; lastKnownFileType = folder.assetcatalog; path = "Preview Assets.xcassets"; sourceTree = "<group>"; };
		633DBF25248C701A0040AEB6 /* Base */ = {isa = PBXFileReference; lastKnownFileType = file.storyboard; name = Base; path = Base.lproj/LaunchScreen.storyboard; sourceTree = "<group>"; };
		633DBF27248C701A0040AEB6 /* Info.plist */ = {isa = PBXFileReference; lastKnownFileType = text.plist.xml; path = Info.plist; sourceTree = "<group>"; };
/* End PBXFileReference section */

/* Begin PBXFrameworksBuildPhase section */
		633DBF13248C70190040AEB6 /* Frameworks */ = {
			isa = PBXFrameworksBuildPhase;
			buildActionMask = 2147483647;
			files = (
			);
			runOnlyForDeploymentPostprocessing = 0;
		};
/* End PBXFrameworksBuildPhase section */

/* Begin PBXGroup section */
		633DBF0D248C70190040AEB6 = {
			isa = PBXGroup;
			children = (
				633DBF18248C70190040AEB6 /* project10CupcakeCorner */,
				633DBF17248C70190040AEB6 /* Products */,
			);
			sourceTree = "<group>";
		};
		633DBF17248C70190040AEB6 /* Products */ = {
			isa = PBXGroup;
			children = (
				633DBF16248C70190040AEB6 /* project10CupcakeCorner.app */,
			);
			name = Products;
			sourceTree = "<group>";
		};
		633DBF18248C70190040AEB6 /* project10CupcakeCorner */ = {
			isa = PBXGroup;
			children = (
				633DBF19248C70190040AEB6 /* AppDelegate.swift */,
				633DBF1B248C70190040AEB6 /* SceneDelegate.swift */,
				633DBF1D248C70190040AEB6 /* ContentView.swift */,
				633DBF1F248C701A0040AEB6 /* Assets.xcassets */,
				633DBF24248C701A0040AEB6 /* LaunchScreen.storyboard */,
				633DBF27248C701A0040AEB6 /* Info.plist */,
				633DBF21248C701A0040AEB6 /* Preview Content */,
			);
			path = project10CupcakeCorner;
			sourceTree = "<group>";
		};
		633DBF21248C701A0040AEB6 /* Preview Content */ = {
			isa = PBXGroup;
			children = (
				633DBF22248C701A0040AEB6 /* Preview Assets.xcassets */,
			);
			path = "Preview Content";
			sourceTree = "<group>";
		};
/* End PBXGroup section */

/* Begin PBXNativeTarget section */
		633DBF15248C70190040AEB6 /* project10CupcakeCorner */ = {
			isa = PBXNativeTarget;
			buildConfigurationList = 633DBF2A248C701A0040AEB6 /* Build configuration list for PBXNativeTarget "project10CupcakeCorner" */;
			buildPhases = (
				633DBF12248C70190040AEB6 /* Sources */,
				633DBF13248C70190040AEB6 /* Frameworks */,
				633DBF14248C70190040AEB6 /* Resources */,
			);
			buildRules = (
			);
			dependencies = (
			);
			name = project10CupcakeCorner;
			productName = project10CupcakeCorner;
			productReference = 633DBF16248C70190040AEB6 /* project10CupcakeCorner.app */;
			productType = "com.apple.product-type.application";
		};
/* End PBXNativeTarget section */

/* Begin PBXProject section */
		633DBF0E248C70190040AEB6 /* Project object */ = {
			isa = PBXProject;
			attributes = {
				LastSwiftUpdateCheck = 1150;
				LastUpgradeCheck = 1150;
				ORGANIZATIONNAME = "bingyuan xu";
				TargetAttributes = {
					633DBF15248C70190040AEB6 = {
						CreatedOnToolsVersion = 11.5;
					};
				};
			};
			buildConfigurationList = 633DBF11248C70190040AEB6 /* Build configuration list for PBXProject "project10CupcakeCorner" */;
			compatibilityVersion = "Xcode 9.3";
			developmentRegion = en;
			hasScannedForEncodings = 0;
			knownRegions = (
				en,
				Base,
			);
			mainGroup = 633DBF0D248C70190040AEB6;
			productRefGroup = 633DBF17248C70190040AEB6 /* Products */;
			projectDirPath = "";
			projectRoot = "";
			targets = (
				633DBF15248C70190040AEB6 /* project10CupcakeCorner */,
			);
		};
/* End PBXProject section */

/* Begin PBXResourcesBuildPhase section */
		633DBF14248C70190040AEB6 /* Resources */ = {
			isa = PBXResourcesBuildPhase;
			buildActionMask = 2147483647;
			files = (
				633DBF26248C701A0040AEB6 /* LaunchScreen.storyboard in Resources */,
				633DBF23248C701A0040AEB6 /* Preview Assets.xcassets in Resources */,
				633DBF20248C701A0040AEB6 /* Assets.xcassets in Resources */,
			);
			runOnlyForDeploymentPostprocessing = 0;
		};
/* End PBXResourcesBuildPhase section */

/* Begin PBXSourcesBuildPhase section */
		633DBF12248C70190040AEB6 /* Sources */ = {
			isa = PBXSourcesBuildPhase;
			buildActionMask = 2147483647;
			files = (
				633DBF1A248C70190040AEB6 /* AppDelegate.swift in Sources */,
				633DBF1C248C70190040AEB6 /* SceneDelegate.swift in Sources */,
				633DBF1E248C70190040AEB6 /* ContentView.swift in Sources */,
			);
			runOnlyForDeploymentPostprocessing = 0;
		};
/* End PBXSourcesBuildPhase section */

/* Begin PBXVariantGroup section */
		633DBF24248C701A0040AEB6 /* LaunchScreen.storyboard */ = {
			isa = PBXVariantGroup;
			children = (
				633DBF25248C701A0040AEB6 /* Base */,
			);
			name = LaunchScreen.storyboard;
			sourceTree = "<group>";
		};
/* End PBXVariantGroup section */

/* Begin XCBuildConfiguration section */
		633DBF28248C701A0040AEB6 /* Debug */ = {
			isa = XCBuildConfiguration;
			buildSettings = {
				ALWAYS_SEARCH_USER_PATHS = NO;
				CLANG_ANALYZER_NONNULL = YES;
				CLANG_ANALYZER_NUMBER_OBJECT_CONVERSION = YES_AGGRESSIVE;
				CLANG_CXX_LANGUAGE_STANDARD = "gnu++14";
				CLANG_CXX_LIBRARY = "libc++";
				CLANG_ENABLE_MODULES = YES;
				CLANG_ENABLE_OBJC_ARC = YES;
				CLANG_ENABLE_OBJC_WEAK = YES;
				CLANG_WARN_BLOCK_CAPTURE_AUTORELEASING = YES;
				CLANG_WARN_BOOL_CONVERSION = YES;
				CLANG_WARN_COMMA = YES;
				CLANG_WARN_CONSTANT_CONVERSION = YES;
				CLANG_WARN_DEPRECATED_OBJC_IMPLEMENTATIONS = YES;
				CLANG_WARN_DIRECT_OBJC_ISA_USAGE = YES_ERROR;
				CLANG_WARN_DOCUMENTATION_COMMENTS = YES;
				CLANG_WARN_EMPTY_BODY = YES;
				CLANG_WARN_ENUM_CONVERSION = YES;
				CLANG_WARN_INFINITE_RECURSION = YES;
				CLANG_WARN_INT_CONVERSION = YES;
				CLANG_WARN_NON_LITERAL_NULL_CONVERSION = YES;
				CLANG_WARN_OBJC_IMPLICIT_RETAIN_SELF = YES;
				CLANG_WARN_OBJC_LITERAL_CONVERSION = YES;
				CLANG_WARN_OBJC_ROOT_CLASS = YES_ERROR;
				CLANG_WARN_RANGE_LOOP_ANALYSIS = YES;
				CLANG_WARN_STRICT_PROTOTYPES = YES;
				CLANG_WARN_SUSPICIOUS_MOVE = YES;
				CLANG_WARN_UNGUARDED_AVAILABILITY = YES_AGGRESSIVE;
				CLANG_WARN_UNREACHABLE_CODE = YES;
				CLANG_WARN__DUPLICATE_METHOD_MATCH = YES;
				COPY_PHASE_STRIP = NO;
				DEBUG_INFORMATION_FORMAT = dwarf;
				ENABLE_STRICT_OBJC_MSGSEND = YES;
				ENABLE_TESTABILITY = YES;
				GCC_C_LANGUAGE_STANDARD = gnu11;
				GCC_DYNAMIC_NO_PIC = NO;
				GCC_NO_COMMON_BLOCKS = YES;
				GCC_OPTIMIZATION_LEVEL = 0;
				GCC_PREPROCESSOR_DEFINITIONS = (
					"DEBUG=1",
					"$(inherited)",
				);
				GCC_WARN_64_TO_32_BIT_CONVERSION = YES;
				GCC_WARN_ABOUT_RETURN_TYPE = YES_ERROR;
				GCC_WARN_UNDECLARED_SELECTOR = YES;
				GCC_WARN_UNINITIALIZED_AUTOS = YES_AGGRESSIVE;
				GCC_WARN_UNUSED_FUNCTION = YES;
				GCC_WARN_UNUSED_VARIABLE = YES;
				IPHONEOS_DEPLOYMENT_TARGET = 13.5;
				MTL_ENABLE_DEBUG_INFO = INCLUDE_SOURCE;
				MTL_FAST_MATH = YES;
				ONLY_ACTIVE_ARCH = YES;
				SDKROOT = iphoneos;
				SWIFT_ACTIVE_COMPILATION_CONDITIONS = DEBUG;
				SWIFT_OPTIMIZATION_LEVEL = "-Onone";
			};
			name = Debug;
		};
		633DBF29248C701A0040AEB6 /* Release */ = {
			isa = XCBuildConfiguration;
			buildSettings = {
				ALWAYS_SEARCH_USER_PATHS = NO;
				CLANG_ANALYZER_NONNULL = YES;
				CLANG_ANALYZER_NUMBER_OBJECT_CONVERSION = YES_AGGRESSIVE;
				CLANG_CXX_LANGUAGE_STANDARD = "gnu++14";
				CLANG_CXX_LIBRARY = "libc++";
				CLANG_ENABLE_MODULES = YES;
				CLANG_ENABLE_OBJC_ARC = YES;
				CLANG_ENABLE_OBJC_WEAK = YES;
				CLANG_WARN_BLOCK_CAPTURE_AUTORELEASING = YES;
				CLANG_WARN_BOOL_CONVERSION = YES;
				CLANG_WARN_COMMA = YES;
				CLANG_WARN_CONSTANT_CONVERSION = YES;
				CLANG_WARN_DEPRECATED_OBJC_IMPLEMENTATIONS = YES;
				CLANG_WARN_DIRECT_OBJC_ISA_USAGE = YES_ERROR;
				CLANG_WARN_DOCUMENTATION_COMMENTS = YES;
				CLANG_WARN_EMPTY_BODY = YES;
				CLANG_WARN_ENUM_CONVERSION = YES;
				CLANG_WARN_INFINITE_RECURSION = YES;
				CLANG_WARN_INT_CONVERSION = YES;
				CLANG_WARN_NON_LITERAL_NULL_CONVERSION = YES;
				CLANG_WARN_OBJC_IMPLICIT_RETAIN_SELF = YES;
				CLANG_WARN_OBJC_LITERAL_CONVERSION = YES;
				CLANG_WARN_OBJC_ROOT_CLASS = YES_ERROR;
				CLANG_WARN_RANGE_LOOP_ANALYSIS = YES;
				CLANG_WARN_STRICT_PROTOTYPES = YES;
				CLANG_WARN_SUSPICIOUS_MOVE = YES;
				CLANG_WARN_UNGUARDED_AVAILABILITY = YES_AGGRESSIVE;
				CLANG_WARN_UNREACHABLE_CODE = YES;
				CLANG_WARN__DUPLICATE_METHOD_MATCH = YES;
				COPY_PHASE_STRIP = NO;
				DEBUG_INFORMATION_FORMAT = "dwarf-with-dsym";
				ENABLE_NS_ASSERTIONS = NO;
				ENABLE_STRICT_OBJC_MSGSEND = YES;
				GCC_C_LANGUAGE_STANDARD = gnu11;
				GCC_NO_COMMON_BLOCKS = YES;
				GCC_WARN_64_TO_32_BIT_CONVERSION = YES;
				GCC_WARN_ABOUT_RETURN_TYPE = YES_ERROR;
				GCC_WARN_UNDECLARED_SELECTOR = YES;
				GCC_WARN_UNINITIALIZED_AUTOS = YES_AGGRESSIVE;
				GCC_WARN_UNUSED_FUNCTION = YES;
				GCC_WARN_UNUSED_VARIABLE = YES;
				IPHONEOS_DEPLOYMENT_TARGET = 13.5;
				MTL_ENABLE_DEBUG_INFO = NO;
				MTL_FAST_MATH = YES;
				SDKROOT = iphoneos;
				SWIFT_COMPILATION_MODE = wholemodule;
				SWIFT_OPTIMIZATION_LEVEL = "-O";
				VALIDATE_PRODUCT = YES;
			};
			name = Release;
		};
		633DBF2B248C701A0040AEB6 /* Debug */ = {
			isa = XCBuildConfiguration;
			buildSettings = {
				ASSETCATALOG_COMPILER_APPICON_NAME = AppIcon;
				CODE_SIGN_STYLE = Automatic;
				DEVELOPMENT_ASSET_PATHS = "\"project10CupcakeCorner/Preview Content\"";
				ENABLE_PREVIEWS = YES;
				INFOPLIST_FILE = project10CupcakeCorner/Info.plist;
				LD_RUNPATH_SEARCH_PATHS = (
					"$(inherited)",
					"@executable_path/Frameworks",
				);
				PRODUCT_BUNDLE_IDENTIFIER = me.xu.bingyuan.project10CupcakeCorner;
				PRODUCT_NAME = "$(TARGET_NAME)";
				SWIFT_VERSION = 5.0;
				TARGETED_DEVICE_FAMILY = "1,2";
			};
			name = Debug;
		};
		633DBF2C248C701A0040AEB6 /* Release */ = {
			isa = XCBuildConfiguration;
			buildSettings = {
				ASSETCATALOG_COMPILER_APPICON_NAME = AppIcon;
				CODE_SIGN_STYLE = Automatic;
				DEVELOPMENT_ASSET_PATHS = "\"project10CupcakeCorner/Preview Content\"";
				ENABLE_PREVIEWS = YES;
				INFOPLIST_FILE = project10CupcakeCorner/Info.plist;
				LD_RUNPATH_SEARCH_PATHS = (
					"$(inherited)",
					"@executable_path/Frameworks",
				);
				PRODUCT_BUNDLE_IDENTIFIER = me.xu.bingyuan.project10CupcakeCorner;
				PRODUCT_NAME = "$(TARGET_NAME)";
				SWIFT_VERSION = 5.0;
				TARGETED_DEVICE_FAMILY = "1,2";
			};
			name = Release;
		};
/* End XCBuildConfiguration section */

/* Begin XCConfigurationList section */
		633DBF11248C70190040AEB6 /* Build configuration list for PBXProject "project10CupcakeCorner" */ = {
			isa = XCConfigurationList;
			buildConfigurations = (
				633DBF28248C701A0040AEB6 /* Debug */,
				633DBF29248C701A0040AEB6 /* Release */,
			);
			defaultConfigurationIsVisible = 0;
			defaultConfigurationName = Release;
		};
		633DBF2A248C701A0040AEB6 /* Build configuration list for PBXNativeTarget "project10CupcakeCorner" */ = {
			isa = XCConfigurationList;
			buildConfigurations = (
				633DBF2B248C701A0040AEB6 /* Debug */,
				633DBF2C248C701A0040AEB6 /* Release */,
			);
			defaultConfigurationIsVisible = 0;
			defaultConfigurationName = Release;
		};
/* End XCConfigurationList section */
	};
	rootObject = 633DBF0E248C70190040AEB6 /* Project object */;
}
